
Microsoft Visual Studio Solution File, Format Version 12.00
# Visual Studio Version 17
VisualStudioVersion = 17.9.34607.119
MinimumVisualStudioVersion = 10.0.40219.1
Project("{FAE04EC0-301F-11D3-BF4B-00C04F79EFBC}") = "Point2D-3D", "Point2D-3D\Point2D-3D.csproj", "{3F5255B2-71AC-4328-AC83-63236334915E}"
EndProject
Global
	GlobalSection(SolutionConfigurationPlatforms) = preSolution
		Debug|Any CPU = Debug|Any CPU
		Release|Any CPU = Release|Any CPU
	EndGlobalSection
	GlobalSection(ProjectConfigurationPlatforms) = postSolution
		{3F5255B2-71AC-4328-AC83-63236334915E}.Debug|Any CPU.ActiveCfg = Debug|Any CPU
		{3F5255B2-71AC-4328-AC83-63236334915E}.Debug|Any CPU.Build.0 = Debug|Any CPU
		{3F5255B2-71AC-4328-AC83-63236334915E}.Release|Any CPU.ActiveCfg = Release|Any CPU
		{3F5255B2-71AC-4328-AC83-63236334915E}.Release|Any CPU.Build.0 = Release|Any CPU
	EndGlobalSection
	GlobalSection(SolutionProperties) = preSolution
		HideSolutionNode = FALSE
	EndGlobalSection
	GlobalSection(ExtensibilityGlobals) = postSolution
		SolutionGuid = {894D6A76-0760-428F-A634-F65FC3F7D1C0}
	EndGlobalSection
EndGlobal
